
Microsoft Visual Studio Solution File, Format Version 12.00
# Visual Studio 15
VisualStudioVersion = 15.0.26730.16
MinimumVisualStudioVersion = 10.0.40219.1
Project("{FAE04EC0-301F-11D3-BF4B-00C04F79EFBC}") = "testDOU", "ClassLibrary1\testDOU.csproj", "{BB77A4D5-CED6-486D-AF30-DA9296AEEB88}"
EndProject
Global
	GlobalSection(SolutionConfigurationPlatforms) = preSolution
		Debug|Any CPU = Debug|Any CPU
		Release|Any CPU = Release|Any CPU
	EndGlobalSection
	GlobalSection(ProjectConfigurationPlatforms) = postSolution
		{BB77A4D5-CED6-486D-AF30-DA9296AEEB88}.Debug|Any CPU.ActiveCfg = Debug|Any CPU
		{BB77A4D5-CED6-486D-AF30-DA9296AEEB88}.Debug|Any CPU.Build.0 = Debug|Any CPU
		{BB77A4D5-CED6-486D-AF30-DA9296AEEB88}.Release|Any CPU.ActiveCfg = Release|Any CPU
		{BB77A4D5-CED6-486D-AF30-DA9296AEEB88}.Release|Any CPU.Build.0 = Release|Any CPU
	EndGlobalSection
	GlobalSection(SolutionProperties) = preSolution
		HideSolutionNode = FALSE
	EndGlobalSection
	GlobalSection(ExtensibilityGlobals) = postSolution
		SolutionGuid = {2631B958-C07A-492B-9F79-31F3047C66B6}
	EndGlobalSection
EndGlobal
